
Microsoft Visual Studio Solution File, Format Version 11.00
# Visual Studio 2010
Project("{F184B08F-C81C-45F6-A57F-5ABD9991F28F}") = "WebApplication1", "WebApplication1\WebApplication1.vbproj", "{9CA01881-80E0-45CA-BAC6-C8DF13657EFA}"
EndProject
Global
	GlobalSection(SolutionConfigurationPlatforms) = preSolution
		Debug|Any CPU = Debug|Any CPU
		Release|Any CPU = Release|Any CPU
	EndGlobalSection
	GlobalSection(ProjectConfigurationPlatforms) = postSolution
		{9CA01881-80E0-45CA-BAC6-C8DF13657EFA}.Debug|Any CPU.ActiveCfg = Debug|Any CPU
		{9CA01881-80E0-45CA-BAC6-C8DF13657EFA}.Debug|Any CPU.Build.0 = Debug|Any CPU
		{9CA01881-80E0-45CA-BAC6-C8DF13657EFA}.Release|Any CPU.ActiveCfg = Release|Any CPU
		{9CA01881-80E0-45CA-BAC6-C8DF13657EFA}.Release|Any CPU.Build.0 = Release|Any CPU
	EndGlobalSection
	GlobalSection(SolutionProperties) = preSolution
		HideSolutionNode = FALSE
	EndGlobalSection
EndGlobal
